
Microsoft Visual Studio Solution File, Format Version 12.00
# Visual Studio Version 16
VisualStudioVersion = 16.0.29503.13
MinimumVisualStudioVersion = 10.0.40219.1
Project("{FAE04EC0-301F-11D3-BF4B-00C04F79EFBC}") = "Dama_W", "Dama_W.csproj", "{A599777F-C99E-4842-9E9B-C1F614BB0779}"
EndProject
Global
	GlobalSection(SolutionConfigurationPlatforms) = preSolution
		Debug|Any CPU = Debug|Any CPU
		Release|Any CPU = Release|Any CPU
	EndGlobalSection
	GlobalSection(ProjectConfigurationPlatforms) = postSolution
		{A599777F-C99E-4842-9E9B-C1F614BB0779}.Debug|Any CPU.ActiveCfg = Debug|Any CPU
		{A599777F-C99E-4842-9E9B-C1F614BB0779}.Debug|Any CPU.Build.0 = Debug|Any CPU
		{A599777F-C99E-4842-9E9B-C1F614BB0779}.Release|Any CPU.ActiveCfg = Release|Any CPU
		{A599777F-C99E-4842-9E9B-C1F614BB0779}.Release|Any CPU.Build.0 = Release|Any CPU
	EndGlobalSection
	GlobalSection(SolutionProperties) = preSolution
		HideSolutionNode = FALSE
	EndGlobalSection
	GlobalSection(ExtensibilityGlobals) = postSolution
		SolutionGuid = {6BC275AD-6AE5-490D-B90D-98A51FBB939D}
	EndGlobalSection
EndGlobal
